// !$*UTF8*$!
{
	archiveVersion = 1;
	classes = {
	};
	objectVersion = 50;
	objects = {

/* Begin PBXBuildFile section */
		0119EFF126A4931B006862D7 /* TroubleshootingView.swift in Sources */ = {isa = PBXBuildFile; fileRef = 0119EFF026A4931B006862D7 /* TroubleshootingView.swift */; };
		012273D826B7FB7C000EB4CD /* ARTroubleShootView.swift in Sources */ = {isa = PBXBuildFile; fileRef = 012273D726B7FB7C000EB4CD /* ARTroubleShootView.swift */; };
		012273DB26B7FC0D000EB4CD /* GoToARButtonView.swift in Sources */ = {isa = PBXBuildFile; fileRef = 012273DA26B7FC0D000EB4CD /* GoToARButtonView.swift */; };
		012273DD26B7FC9A000EB4CD /* ARActionButtonView.swift in Sources */ = {isa = PBXBuildFile; fileRef = 012273DC26B7FC9A000EB4CD /* ARActionButtonView.swift */; };
		0135A34226A6D39600D5CFC7 /* SimulasiKlaksonAR.rcproject in Sources */ = {isa = PBXBuildFile; fileRef = 0135A34126A6D39400D5CFC7 /* SimulasiKlaksonAR.rcproject */; };
		0139936E269ED5290016A8C2 /* Launch Screen.storyboard in Resources */ = {isa = PBXBuildFile; fileRef = 0139936D269ED5290016A8C2 /* Launch Screen.storyboard */; };
		013DA47926BD401100DAA486 /* ColorExtension.swift in Sources */ = {isa = PBXBuildFile; fileRef = 013DA47826BD401100DAA486 /* ColorExtension.swift */; };
		014AC243269A07A400705994 /* AppDelegate.swift in Sources */ = {isa = PBXBuildFile; fileRef = 014AC242269A07A400705994 /* AppDelegate.swift */; };
		014AC245269A07A400705994 /* ContentView.swift in Sources */ = {isa = PBXBuildFile; fileRef = 014AC244269A07A400705994 /* ContentView.swift */; };
		014AC247269A07A400705994 /* Experience.rcproject in Sources */ = {isa = PBXBuildFile; fileRef = 014AC246269A07A400705994 /* Experience.rcproject */; };
		014AC249269A07A600705994 /* Assets.xcassets in Resources */ = {isa = PBXBuildFile; fileRef = 014AC248269A07A600705994 /* Assets.xcassets */; };
		014AC24C269A07A600705994 /* Preview Assets.xcassets in Resources */ = {isa = PBXBuildFile; fileRef = 014AC24B269A07A600705994 /* Preview Assets.xcassets */; };
		014AC257269A07A600705994 /* smkdexTests.swift in Sources */ = {isa = PBXBuildFile; fileRef = 014AC256269A07A600705994 /* smkdexTests.swift */; };
		014AC262269A07A600705994 /* smkdexUITests.swift in Sources */ = {isa = PBXBuildFile; fileRef = 014AC261269A07A600705994 /* smkdexUITests.swift */; };
		01513AA926BA7BC900DED0A3 /* horn_sound.wav in Resources */ = {isa = PBXBuildFile; fileRef = 01513AA826BA7BC900DED0A3 /* horn_sound.wav */; };
		0159580826BFDA8B00F86633 /* RangkaianKlakson.rcproject in Sources */ = {isa = PBXBuildFile; fileRef = 0159580726BFDA8B00F86633 /* RangkaianKlakson.rcproject */; };
		016CADB426A2BFA900577F88 /* Aki.usdz in Resources */ = {isa = PBXBuildFile; fileRef = 016CADAF26A2BFA900577F88 /* Aki.usdz */; };
		016CADB526A2BFA900577F88 /* Fuse.usdz in Resources */ = {isa = PBXBuildFile; fileRef = 016CADB026A2BFA900577F88 /* Fuse.usdz */; };
		016CADB626A2BFA900577F88 /* TombolKlakson.usdz in Resources */ = {isa = PBXBuildFile; fileRef = 016CADB126A2BFA900577F88 /* TombolKlakson.usdz */; };
		016CADB726A2BFA900577F88 /* KunciKontak.usdz in Resources */ = {isa = PBXBuildFile; fileRef = 016CADB226A2BFA900577F88 /* KunciKontak.usdz */; };
		016CADB826A2BFA900577F88 /* Klakson.usdz in Resources */ = {isa = PBXBuildFile; fileRef = 016CADB326A2BFA900577F88 /* Klakson.usdz */; };
		017B5D2C26B9B3E300985004 /* CableDropView.swift in Sources */ = {isa = PBXBuildFile; fileRef = 017B5D2B26B9B3E300985004 /* CableDropView.swift */; };
		017CF6BF26A1DD5200D91333 /* DragTestView.swift in Sources */ = {isa = PBXBuildFile; fileRef = 017CF6BE26A1DD5200D91333 /* DragTestView.swift */; };
		01B6687F269FFF4E00FAE621 /* SimulationView.swift in Sources */ = {isa = PBXBuildFile; fileRef = 01B6687E269FFF4E00FAE621 /* SimulationView.swift */; };
		01BEC13A26AD890B002D8D04 /* ARSimulationView.swift in Sources */ = {isa = PBXBuildFile; fileRef = 01BEC13926AD890B002D8D04 /* ARSimulationView.swift */; };
		01BEC13D26AD89BB002D8D04 /* ARExtension.swift in Sources */ = {isa = PBXBuildFile; fileRef = 01BEC13C26AD89BB002D8D04 /* ARExtension.swift */; };
		01BEC13F26AD8A42002D8D04 /* SimulationTest.swift in Sources */ = {isa = PBXBuildFile; fileRef = 01BEC13E26AD8A42002D8D04 /* SimulationTest.swift */; };
		01C1771726A3D42800636E0D /* Model.swift in Sources */ = {isa = PBXBuildFile; fileRef = 01C1771626A3D42800636E0D /* Model.swift */; };
		01D317FA269F0043007C0331 /* ComponentView.swift in Sources */ = {isa = PBXBuildFile; fileRef = 01D317F9269F0043007C0331 /* ComponentView.swift */; };
		01EE385326BBC6D0001B5CD5 /* Troubleshot.rcproject in Sources */ = {isa = PBXBuildFile; fileRef = 01EE385226BBC6D0001B5CD5 /* Troubleshot.rcproject */; };
		01EE385526BBCD69001B5CD5 /* TroubleshootTestView.swift in Sources */ = {isa = PBXBuildFile; fileRef = 01EE385426BBCD69001B5CD5 /* TroubleshootTestView.swift */; };
		2CBB7EBC26A09D5B003931E7 /* MainMenuView.swift in Sources */ = {isa = PBXBuildFile; fileRef = 2CBB7EBB26A09D5B003931E7 /* MainMenuView.swift */; };
		A00CCD3B26AAD74E0030415E /* PartPopUpView.swift in Sources */ = {isa = PBXBuildFile; fileRef = A00CCD3A26AAD74E0030415E /* PartPopUpView.swift */; };
		A06D7C1326B7E0D1003C037D /* DragDropSimulationView.swift in Sources */ = {isa = PBXBuildFile; fileRef = A06D7C1226B7E0D1003C037D /* DragDropSimulationView.swift */; };
		A0A013C926A1C6BA0047D520 /* ComponentPartDetailView.swift in Sources */ = {isa = PBXBuildFile; fileRef = A0A013C826A1C6BA0047D520 /* ComponentPartDetailView.swift */; };
		A0B8291B269EDC4B001914EF /* 3DComponentPartView.swift in Sources */ = {isa = PBXBuildFile; fileRef = A0B8291A269EDC4B001914EF /* 3DComponentPartView.swift */; };
/* End PBXBuildFile section */

/* Begin PBXContainerItemProxy section */
		014AC253269A07A600705994 /* PBXContainerItemProxy */ = {
			isa = PBXContainerItemProxy;
			containerPortal = 014AC237269A07A400705994 /* Project object */;
			proxyType = 1;
			remoteGlobalIDString = 014AC23E269A07A400705994;
			remoteInfo = smkdex;
		};
		014AC25E269A07A600705994 /* PBXContainerItemProxy */ = {
			isa = PBXContainerItemProxy;
			containerPortal = 014AC237269A07A400705994 /* Project object */;
			proxyType = 1;
			remoteGlobalIDString = 014AC23E269A07A400705994;
			remoteInfo = smkdex;
		};
/* End PBXContainerItemProxy section */

/* Begin PBXFileReference section */
		0119EFF026A4931B006862D7 /* TroubleshootingView.swift */ = {isa = PBXFileReference; lastKnownFileType = sourcecode.swift; path = TroubleshootingView.swift; sourceTree = "<group>"; };
		012273D726B7FB7C000EB4CD /* ARTroubleShootView.swift */ = {isa = PBXFileReference; lastKnownFileType = sourcecode.swift; path = ARTroubleShootView.swift; sourceTree = "<group>"; };
		012273DA26B7FC0D000EB4CD /* GoToARButtonView.swift */ = {isa = PBXFileReference; lastKnownFileType = sourcecode.swift; path = GoToARButtonView.swift; sourceTree = "<group>"; };
		012273DC26B7FC9A000EB4CD /* ARActionButtonView.swift */ = {isa = PBXFileReference; lastKnownFileType = sourcecode.swift; path = ARActionButtonView.swift; sourceTree = "<group>"; };
		0135A34126A6D39400D5CFC7 /* SimulasiKlaksonAR.rcproject */ = {isa = PBXFileReference; lastKnownFileType = file.rcproject; path = SimulasiKlaksonAR.rcproject; sourceTree = "<group>"; };
		0139936D269ED5290016A8C2 /* Launch Screen.storyboard */ = {isa = PBXFileReference; lastKnownFileType = file.storyboard; path = "Launch Screen.storyboard"; sourceTree = "<group>"; };
		013DA47826BD401100DAA486 /* ColorExtension.swift */ = {isa = PBXFileReference; lastKnownFileType = sourcecode.swift; path = ColorExtension.swift; sourceTree = "<group>"; };
		014AC23F269A07A400705994 /* smkdex.app */ = {isa = PBXFileReference; explicitFileType = wrapper.application; includeInIndex = 0; path = smkdex.app; sourceTree = BUILT_PRODUCTS_DIR; };
		014AC242269A07A400705994 /* AppDelegate.swift */ = {isa = PBXFileReference; lastKnownFileType = sourcecode.swift; path = AppDelegate.swift; sourceTree = "<group>"; };
		014AC244269A07A400705994 /* ContentView.swift */ = {isa = PBXFileReference; lastKnownFileType = sourcecode.swift; path = ContentView.swift; sourceTree = "<group>"; };
		014AC246269A07A400705994 /* Experience.rcproject */ = {isa = PBXFileReference; lastKnownFileType = file.rcproject; path = Experience.rcproject; sourceTree = "<group>"; };
		014AC248269A07A600705994 /* Assets.xcassets */ = {isa = PBXFileReference; lastKnownFileType = folder.assetcatalog; path = Assets.xcassets; sourceTree = "<group>"; };
		014AC24B269A07A600705994 /* Preview Assets.xcassets */ = {isa = PBXFileReference; lastKnownFileType = folder.assetcatalog; path = "Preview Assets.xcassets"; sourceTree = "<group>"; };
		014AC24D269A07A600705994 /* Info.plist */ = {isa = PBXFileReference; lastKnownFileType = text.plist.xml; path = Info.plist; sourceTree = "<group>"; };
		014AC252269A07A600705994 /* smkdexTests.xctest */ = {isa = PBXFileReference; explicitFileType = wrapper.cfbundle; includeInIndex = 0; path = smkdexTests.xctest; sourceTree = BUILT_PRODUCTS_DIR; };
		014AC256269A07A600705994 /* smkdexTests.swift */ = {isa = PBXFileReference; lastKnownFileType = sourcecode.swift; path = smkdexTests.swift; sourceTree = "<group>"; };
		014AC258269A07A600705994 /* Info.plist */ = {isa = PBXFileReference; lastKnownFileType = text.plist.xml; path = Info.plist; sourceTree = "<group>"; };
		014AC25D269A07A600705994 /* smkdexUITests.xctest */ = {isa = PBXFileReference; explicitFileType = wrapper.cfbundle; includeInIndex = 0; path = smkdexUITests.xctest; sourceTree = BUILT_PRODUCTS_DIR; };
		014AC261269A07A600705994 /* smkdexUITests.swift */ = {isa = PBXFileReference; lastKnownFileType = sourcecode.swift; path = smkdexUITests.swift; sourceTree = "<group>"; };
		014AC263269A07A600705994 /* Info.plist */ = {isa = PBXFileReference; lastKnownFileType = text.plist.xml; path = Info.plist; sourceTree = "<group>"; };
		01513AA826BA7BC900DED0A3 /* horn_sound.wav */ = {isa = PBXFileReference; lastKnownFileType = audio.wav; path = horn_sound.wav; sourceTree = "<group>"; };
		0159580726BFDA8B00F86633 /* RangkaianKlakson.rcproject */ = {isa = PBXFileReference; lastKnownFileType = file.rcproject; path = RangkaianKlakson.rcproject; sourceTree = "<group>"; };
		016CADAF26A2BFA900577F88 /* Aki.usdz */ = {isa = PBXFileReference; lastKnownFileType = file.usdz; path = Aki.usdz; sourceTree = "<group>"; };
		016CADB026A2BFA900577F88 /* Fuse.usdz */ = {isa = PBXFileReference; lastKnownFileType = file.usdz; path = Fuse.usdz; sourceTree = "<group>"; };
		016CADB126A2BFA900577F88 /* TombolKlakson.usdz */ = {isa = PBXFileReference; lastKnownFileType = file.usdz; path = TombolKlakson.usdz; sourceTree = "<group>"; };
		016CADB226A2BFA900577F88 /* KunciKontak.usdz */ = {isa = PBXFileReference; lastKnownFileType = file.usdz; path = KunciKontak.usdz; sourceTree = "<group>"; };
		016CADB326A2BFA900577F88 /* Klakson.usdz */ = {isa = PBXFileReference; lastKnownFileType = file.usdz; path = Klakson.usdz; sourceTree = "<group>"; };
		017B5D2B26B9B3E300985004 /* CableDropView.swift */ = {isa = PBXFileReference; lastKnownFileType = sourcecode.swift; path = CableDropView.swift; sourceTree = "<group>"; };
		017CF6BE26A1DD5200D91333 /* DragTestView.swift */ = {isa = PBXFileReference; lastKnownFileType = sourcecode.swift; path = DragTestView.swift; sourceTree = "<group>"; };
		01B6687E269FFF4E00FAE621 /* SimulationView.swift */ = {isa = PBXFileReference; lastKnownFileType = sourcecode.swift; path = SimulationView.swift; sourceTree = "<group>"; };
		01BEC13926AD890B002D8D04 /* ARSimulationView.swift */ = {isa = PBXFileReference; lastKnownFileType = sourcecode.swift; path = ARSimulationView.swift; sourceTree = "<group>"; };
		01BEC13C26AD89BB002D8D04 /* ARExtension.swift */ = {isa = PBXFileReference; lastKnownFileType = sourcecode.swift; path = ARExtension.swift; sourceTree = "<group>"; };
		01BEC13E26AD8A42002D8D04 /* SimulationTest.swift */ = {isa = PBXFileReference; lastKnownFileType = sourcecode.swift; path = SimulationTest.swift; sourceTree = "<group>"; };
		01C1771626A3D42800636E0D /* Model.swift */ = {isa = PBXFileReference; lastKnownFileType = sourcecode.swift; path = Model.swift; sourceTree = "<group>"; };
		01D317F9269F0043007C0331 /* ComponentView.swift */ = {isa = PBXFileReference; lastKnownFileType = sourcecode.swift; path = ComponentView.swift; sourceTree = "<group>"; };
		01EE385226BBC6D0001B5CD5 /* Troubleshot.rcproject */ = {isa = PBXFileReference; lastKnownFileType = file.rcproject; path = Troubleshot.rcproject; sourceTree = "<group>"; };
		01EE385426BBCD69001B5CD5 /* TroubleshootTestView.swift */ = {isa = PBXFileReference; lastKnownFileType = sourcecode.swift; path = TroubleshootTestView.swift; sourceTree = "<group>"; };
		2CBB7EBB26A09D5B003931E7 /* MainMenuView.swift */ = {isa = PBXFileReference; lastKnownFileType = sourcecode.swift; path = MainMenuView.swift; sourceTree = "<group>"; };
		A00CCD3A26AAD74E0030415E /* PartPopUpView.swift */ = {isa = PBXFileReference; lastKnownFileType = sourcecode.swift; path = PartPopUpView.swift; sourceTree = "<group>"; };
		A06D7C1226B7E0D1003C037D /* DragDropSimulationView.swift */ = {isa = PBXFileReference; lastKnownFileType = sourcecode.swift; path = DragDropSimulationView.swift; sourceTree = "<group>"; };
		A0A013C826A1C6BA0047D520 /* ComponentPartDetailView.swift */ = {isa = PBXFileReference; lastKnownFileType = sourcecode.swift; path = ComponentPartDetailView.swift; sourceTree = "<group>"; };
		A0B8291A269EDC4B001914EF /* 3DComponentPartView.swift */ = {isa = PBXFileReference; lastKnownFileType = sourcecode.swift; path = 3DComponentPartView.swift; sourceTree = "<group>"; };
/* End PBXFileReference section */

/* Begin PBXFrameworksBuildPhase section */
		014AC23C269A07A400705994 /* Frameworks */ = {
			isa = PBXFrameworksBuildPhase;
			buildActionMask = 2147483647;
			files = (
			);
			runOnlyForDeploymentPostprocessing = 0;
		};
		014AC24F269A07A600705994 /* Frameworks */ = {
			isa = PBXFrameworksBuildPhase;
			buildActionMask = 2147483647;
			files = (
			);
			runOnlyForDeploymentPostprocessing = 0;
		};
		014AC25A269A07A600705994 /* Frameworks */ = {
			isa = PBXFrameworksBuildPhase;
			buildActionMask = 2147483647;
			files = (
			);
			runOnlyForDeploymentPostprocessing = 0;
		};
/* End PBXFrameworksBuildPhase section */

/* Begin PBXGroup section */
		012273D926B7FBE6000EB4CD /* ARComponentView */ = {
			isa = PBXGroup;
			children = (
				012273DA26B7FC0D000EB4CD /* GoToARButtonView.swift */,
				012273DC26B7FC9A000EB4CD /* ARActionButtonView.swift */,
			);
			path = ARComponentView;
			sourceTree = "<group>";
		};
		014AC236269A07A400705994 = {
			isa = PBXGroup;
			children = (
				014AC241269A07A400705994 /* smkdex */,
				014AC255269A07A600705994 /* smkdexTests */,
				014AC260269A07A600705994 /* smkdexUITests */,
				014AC240269A07A400705994 /* Products */,
			);
			sourceTree = "<group>";
		};
		014AC240269A07A400705994 /* Products */ = {
			isa = PBXGroup;
			children = (
				014AC23F269A07A400705994 /* smkdex.app */,
				014AC252269A07A600705994 /* smkdexTests.xctest */,
				014AC25D269A07A600705994 /* smkdexUITests.xctest */,
			);
			name = Products;
			sourceTree = "<group>";
		};
		014AC241269A07A400705994 /* smkdex */ = {
			isa = PBXGroup;
			children = (
				01BEC13B26AD89AF002D8D04 /* Extension */,
				01BEC13626AD7A1D002D8D04 /* Assets */,
				01BEC13226AD793C002D8D04 /* Views */,
				01C1771526A3D40600636E0D /* Models */,
				014AC242269A07A400705994 /* AppDelegate.swift */,
				014AC24D269A07A600705994 /* Info.plist */,
				014AC24A269A07A600705994 /* Preview Content */,
			);
			path = smkdex;
			sourceTree = "<group>";
		};
		014AC24A269A07A600705994 /* Preview Content */ = {
			isa = PBXGroup;
			children = (
				014AC24B269A07A600705994 /* Preview Assets.xcassets */,
			);
			path = "Preview Content";
			sourceTree = "<group>";
		};
		014AC255269A07A600705994 /* smkdexTests */ = {
			isa = PBXGroup;
			children = (
				014AC256269A07A600705994 /* smkdexTests.swift */,
				014AC258269A07A600705994 /* Info.plist */,
			);
			path = smkdexTests;
			sourceTree = "<group>";
		};
		014AC260269A07A600705994 /* smkdexUITests */ = {
			isa = PBXGroup;
			children = (
				014AC261269A07A600705994 /* smkdexUITests.swift */,
				014AC263269A07A600705994 /* Info.plist */,
			);
			path = smkdexUITests;
			sourceTree = "<group>";
		};
		01513AA726BA7BB200DED0A3 /* Sound File */ = {
			isa = PBXGroup;
			children = (
				01513AA826BA7BC900DED0A3 /* horn_sound.wav */,
			);
			path = "Sound File";
			sourceTree = "<group>";
		};
		01BEC13226AD793C002D8D04 /* Views */ = {
			isa = PBXGroup;
			children = (
				012273D926B7FBE6000EB4CD /* ARComponentView */,
				01BEC13826AD7A96002D8D04 /* Main */,
				01BEC13526AD79B4002D8D04 /* Troubleshoot */,
				01BEC13426AD79AD002D8D04 /* Simulation */,
				01BEC13326AD795C002D8D04 /* Parts */,
			);
			path = Views;
			sourceTree = "<group>";
		};
		01BEC13326AD795C002D8D04 /* Parts */ = {
			isa = PBXGroup;
			children = (
				A0B8291A269EDC4B001914EF /* 3DComponentPartView.swift */,
				A0A013C826A1C6BA0047D520 /* ComponentPartDetailView.swift */,
				A00CCD3A26AAD74E0030415E /* PartPopUpView.swift */,
			);
			path = Parts;
			sourceTree = "<group>";
		};
		01BEC13426AD79AD002D8D04 /* Simulation */ = {
			isa = PBXGroup;
			children = (
				A06D7C1226B7E0D1003C037D /* DragDropSimulationView.swift */,
				017CF6BE26A1DD5200D91333 /* DragTestView.swift */,
				01B6687E269FFF4E00FAE621 /* SimulationView.swift */,
				01BEC13926AD890B002D8D04 /* ARSimulationView.swift */,
				01BEC13E26AD8A42002D8D04 /* SimulationTest.swift */,
				017B5D2B26B9B3E300985004 /* CableDropView.swift */,
			);
			path = Simulation;
			sourceTree = "<group>";
		};
		01BEC13526AD79B4002D8D04 /* Troubleshoot */ = {
			isa = PBXGroup;
			children = (
				0119EFF026A4931B006862D7 /* TroubleshootingView.swift */,
				012273D726B7FB7C000EB4CD /* ARTroubleShootView.swift */,
				01EE385426BBCD69001B5CD5 /* TroubleshootTestView.swift */,
			);
			path = Troubleshoot;
			sourceTree = "<group>";
		};
		01BEC13626AD7A1D002D8D04 /* Assets */ = {
			isa = PBXGroup;
			children = (
				01513AA726BA7BB200DED0A3 /* Sound File */,
				A0B8291E269EDD08001914EF /* 3D Part */,
				01BEC13726AD7A3E002D8D04 /* AR Objects */,
				014AC248269A07A600705994 /* Assets.xcassets */,
			);
			path = Assets;
			sourceTree = "<group>";
		};
		01BEC13726AD7A3E002D8D04 /* AR Objects */ = {
			isa = PBXGroup;
			children = (
				0159580726BFDA8B00F86633 /* RangkaianKlakson.rcproject */,
				01EE385226BBC6D0001B5CD5 /* Troubleshot.rcproject */,
				0135A34126A6D39400D5CFC7 /* SimulasiKlaksonAR.rcproject */,
				014AC246269A07A400705994 /* Experience.rcproject */,
			);
			path = "AR Objects";
			sourceTree = "<group>";
		};
		01BEC13826AD7A96002D8D04 /* Main */ = {
			isa = PBXGroup;
			children = (
				2CBB7EBB26A09D5B003931E7 /* MainMenuView.swift */,
				014AC244269A07A400705994 /* ContentView.swift */,
				01D317F9269F0043007C0331 /* ComponentView.swift */,
				0139936D269ED5290016A8C2 /* Launch Screen.storyboard */,
			);
			path = Main;
			sourceTree = "<group>";
		};
		01BEC13B26AD89AF002D8D04 /* Extension */ = {
			isa = PBXGroup;
			children = (
				01BEC13C26AD89BB002D8D04 /* ARExtension.swift */,
				013DA47826BD401100DAA486 /* ColorExtension.swift */,
			);
			path = Extension;
			sourceTree = "<group>";
		};
		01C1771526A3D40600636E0D /* Models */ = {
			isa = PBXGroup;
			children = (
				01C1771626A3D42800636E0D /* Model.swift */,
			);
			path = Models;
			sourceTree = "<group>";
		};
		A0B8291E269EDD08001914EF /* 3D Part */ = {
			isa = PBXGroup;
			children = (
				016CADAF26A2BFA900577F88 /* Aki.usdz */,
				016CADB026A2BFA900577F88 /* Fuse.usdz */,
				016CADB326A2BFA900577F88 /* Klakson.usdz */,
				016CADB226A2BFA900577F88 /* KunciKontak.usdz */,
				016CADB126A2BFA900577F88 /* TombolKlakson.usdz */,
			);
			path = "3D Part";
			sourceTree = "<group>";
		};
/* End PBXGroup section */

/* Begin PBXNativeTarget section */
		014AC23E269A07A400705994 /* smkdex */ = {
			isa = PBXNativeTarget;
			buildConfigurationList = 014AC266269A07A600705994 /* Build configuration list for PBXNativeTarget "smkdex" */;
			buildPhases = (
				014AC23B269A07A400705994 /* Sources */,
				014AC23C269A07A400705994 /* Frameworks */,
				014AC23D269A07A400705994 /* Resources */,
			);
			buildRules = (
			);
			dependencies = (
			);
			name = smkdex;
			productName = smkdex;
			productReference = 014AC23F269A07A400705994 /* smkdex.app */;
			productType = "com.apple.product-type.application";
		};
		014AC251269A07A600705994 /* smkdexTests */ = {
			isa = PBXNativeTarget;
			buildConfigurationList = 014AC269269A07A600705994 /* Build configuration list for PBXNativeTarget "smkdexTests" */;
			buildPhases = (
				014AC24E269A07A600705994 /* Sources */,
				014AC24F269A07A600705994 /* Frameworks */,
				014AC250269A07A600705994 /* Resources */,
			);
			buildRules = (
			);
			dependencies = (
				014AC254269A07A600705994 /* PBXTargetDependency */,
			);
			name = smkdexTests;
			productName = smkdexTests;
			productReference = 014AC252269A07A600705994 /* smkdexTests.xctest */;
			productType = "com.apple.product-type.bundle.unit-test";
		};
		014AC25C269A07A600705994 /* smkdexUITests */ = {
			isa = PBXNativeTarget;
			buildConfigurationList = 014AC26C269A07A600705994 /* Build configuration list for PBXNativeTarget "smkdexUITests" */;
			buildPhases = (
				014AC259269A07A600705994 /* Sources */,
				014AC25A269A07A600705994 /* Frameworks */,
				014AC25B269A07A600705994 /* Resources */,
			);
			buildRules = (
			);
			dependencies = (
				014AC25F269A07A600705994 /* PBXTargetDependency */,
			);
			name = smkdexUITests;
			productName = smkdexUITests;
			productReference = 014AC25D269A07A600705994 /* smkdexUITests.xctest */;
			productType = "com.apple.product-type.bundle.ui-testing";
		};
/* End PBXNativeTarget section */

/* Begin PBXProject section */
		014AC237269A07A400705994 /* Project object */ = {
			isa = PBXProject;
			attributes = {
				LastSwiftUpdateCheck = 1250;
				LastUpgradeCheck = 1250;
				TargetAttributes = {
					014AC23E269A07A400705994 = {
						CreatedOnToolsVersion = 12.5;
					};
					014AC251269A07A600705994 = {
						CreatedOnToolsVersion = 12.5;
						TestTargetID = 014AC23E269A07A400705994;
					};
					014AC25C269A07A600705994 = {
						CreatedOnToolsVersion = 12.5;
						TestTargetID = 014AC23E269A07A400705994;
					};
				};
			};
			buildConfigurationList = 014AC23A269A07A400705994 /* Build configuration list for PBXProject "smkdex" */;
			compatibilityVersion = "Xcode 9.3";
			developmentRegion = en;
			hasScannedForEncodings = 0;
			knownRegions = (
				en,
				Base,
			);
			mainGroup = 014AC236269A07A400705994;
			productRefGroup = 014AC240269A07A400705994 /* Products */;
			projectDirPath = "";
			projectRoot = "";
			targets = (
				014AC23E269A07A400705994 /* smkdex */,
				014AC251269A07A600705994 /* smkdexTests */,
				014AC25C269A07A600705994 /* smkdexUITests */,
			);
		};
/* End PBXProject section */

/* Begin PBXResourcesBuildPhase section */
		014AC23D269A07A400705994 /* Resources */ = {
			isa = PBXResourcesBuildPhase;
			buildActionMask = 2147483647;
			files = (
				0139936E269ED5290016A8C2 /* Launch Screen.storyboard in Resources */,
				01513AA926BA7BC900DED0A3 /* horn_sound.wav in Resources */,
				016CADB426A2BFA900577F88 /* Aki.usdz in Resources */,
				016CADB526A2BFA900577F88 /* Fuse.usdz in Resources */,
				016CADB826A2BFA900577F88 /* Klakson.usdz in Resources */,
				016CADB726A2BFA900577F88 /* KunciKontak.usdz in Resources */,
				014AC24C269A07A600705994 /* Preview Assets.xcassets in Resources */,
				016CADB626A2BFA900577F88 /* TombolKlakson.usdz in Resources */,
				014AC249269A07A600705994 /* Assets.xcassets in Resources */,
			);
			runOnlyForDeploymentPostprocessing = 0;
		};
		014AC250269A07A600705994 /* Resources */ = {
			isa = PBXResourcesBuildPhase;
			buildActionMask = 2147483647;
			files = (
			);
			runOnlyForDeploymentPostprocessing = 0;
		};
		014AC25B269A07A600705994 /* Resources */ = {
			isa = PBXResourcesBuildPhase;
			buildActionMask = 2147483647;
			files = (
			);
			runOnlyForDeploymentPostprocessing = 0;
		};
/* End PBXResourcesBuildPhase section */

/* Begin PBXSourcesBuildPhase section */
		014AC23B269A07A400705994 /* Sources */ = {
			isa = PBXSourcesBuildPhase;
			buildActionMask = 2147483647;
			files = (
				01EE385326BBC6D0001B5CD5 /* Troubleshot.rcproject in Sources */,
				A0A013C926A1C6BA0047D520 /* ComponentPartDetailView.swift in Sources */,
				012273D826B7FB7C000EB4CD /* ARTroubleShootView.swift in Sources */,
				013DA47926BD401100DAA486 /* ColorExtension.swift in Sources */,
				014AC245269A07A400705994 /* ContentView.swift in Sources */,
				0135A34226A6D39600D5CFC7 /* SimulasiKlaksonAR.rcproject in Sources */,
				A06D7C1326B7E0D1003C037D /* DragDropSimulationView.swift in Sources */,
				01BEC13D26AD89BB002D8D04 /* ARExtension.swift in Sources */,
				A0B8291B269EDC4B001914EF /* 3DComponentPartView.swift in Sources */,
				012273DD26B7FC9A000EB4CD /* ARActionButtonView.swift in Sources */,
				2CBB7EBC26A09D5B003931E7 /* MainMenuView.swift in Sources */,
				01EE385526BBCD69001B5CD5 /* TroubleshootTestView.swift in Sources */,
				01D317FA269F0043007C0331 /* ComponentView.swift in Sources */,
				014AC243269A07A400705994 /* AppDelegate.swift in Sources */,
				0159580826BFDA8B00F86633 /* RangkaianKlakson.rcproject in Sources */,
				017CF6BF26A1DD5200D91333 /* DragTestView.swift in Sources */,
				017B5D2C26B9B3E300985004 /* CableDropView.swift in Sources */,
				012273DB26B7FC0D000EB4CD /* GoToARButtonView.swift in Sources */,
				01BEC13A26AD890B002D8D04 /* ARSimulationView.swift in Sources */,
				01BEC13F26AD8A42002D8D04 /* SimulationTest.swift in Sources */,
				014AC247269A07A400705994 /* Experience.rcproject in Sources */,
				01C1771726A3D42800636E0D /* Model.swift in Sources */,
				A00CCD3B26AAD74E0030415E /* PartPopUpView.swift in Sources */,
				01B6687F269FFF4E00FAE621 /* SimulationView.swift in Sources */,
				0119EFF126A4931B006862D7 /* TroubleshootingView.swift in Sources */,
			);
			runOnlyForDeploymentPostprocessing = 0;
		};
		014AC24E269A07A600705994 /* Sources */ = {
			isa = PBXSourcesBuildPhase;
			buildActionMask = 2147483647;
			files = (
				014AC257269A07A600705994 /* smkdexTests.swift in Sources */,
			);
			runOnlyForDeploymentPostprocessing = 0;
		};
		014AC259269A07A600705994 /* Sources */ = {
			isa = PBXSourcesBuildPhase;
			buildActionMask = 2147483647;
			files = (
				014AC262269A07A600705994 /* smkdexUITests.swift in Sources */,
			);
			runOnlyForDeploymentPostprocessing = 0;
		};
/* End PBXSourcesBuildPhase section */

/* Begin PBXTargetDependency section */
		014AC254269A07A600705994 /* PBXTargetDependency */ = {
			isa = PBXTargetDependency;
			target = 014AC23E269A07A400705994 /* smkdex */;
			targetProxy = 014AC253269A07A600705994 /* PBXContainerItemProxy */;
		};
		014AC25F269A07A600705994 /* PBXTargetDependency */ = {
			isa = PBXTargetDependency;
			target = 014AC23E269A07A400705994 /* smkdex */;
			targetProxy = 014AC25E269A07A600705994 /* PBXContainerItemProxy */;
		};
/* End PBXTargetDependency section */

/* Begin XCBuildConfiguration section */
		014AC264269A07A600705994 /* Debug */ = {
			isa = XCBuildConfiguration;
			buildSettings = {
				ALWAYS_SEARCH_USER_PATHS = NO;
				CLANG_ANALYZER_NONNULL = YES;
				CLANG_ANALYZER_NUMBER_OBJECT_CONVERSION = YES_AGGRESSIVE;
				CLANG_CXX_LANGUAGE_STANDARD = "gnu++14";
				CLANG_CXX_LIBRARY = "libc++";
				CLANG_ENABLE_MODULES = YES;
				CLANG_ENABLE_OBJC_ARC = YES;
				CLANG_ENABLE_OBJC_WEAK = YES;
				CLANG_WARN_BLOCK_CAPTURE_AUTORELEASING = YES;
				CLANG_WARN_BOOL_CONVERSION = YES;
				CLANG_WARN_COMMA = YES;
				CLANG_WARN_CONSTANT_CONVERSION = YES;
				CLANG_WARN_DEPRECATED_OBJC_IMPLEMENTATIONS = YES;
				CLANG_WARN_DIRECT_OBJC_ISA_USAGE = YES_ERROR;
				CLANG_WARN_DOCUMENTATION_COMMENTS = YES;
				CLANG_WARN_EMPTY_BODY = YES;
				CLANG_WARN_ENUM_CONVERSION = YES;
				CLANG_WARN_INFINITE_RECURSION = YES;
				CLANG_WARN_INT_CONVERSION = YES;
				CLANG_WARN_NON_LITERAL_NULL_CONVERSION = YES;
				CLANG_WARN_OBJC_IMPLICIT_RETAIN_SELF = YES;
				CLANG_WARN_OBJC_LITERAL_CONVERSION = YES;
				CLANG_WARN_OBJC_ROOT_CLASS = YES_ERROR;
				CLANG_WARN_QUOTED_INCLUDE_IN_FRAMEWORK_HEADER = YES;
				CLANG_WARN_RANGE_LOOP_ANALYSIS = YES;
				CLANG_WARN_STRICT_PROTOTYPES = YES;
				CLANG_WARN_SUSPICIOUS_MOVE = YES;
				CLANG_WARN_UNGUARDED_AVAILABILITY = YES_AGGRESSIVE;
				CLANG_WARN_UNREACHABLE_CODE = YES;
				CLANG_WARN__DUPLICATE_METHOD_MATCH = YES;
				COPY_PHASE_STRIP = NO;
				DEBUG_INFORMATION_FORMAT = dwarf;
				ENABLE_STRICT_OBJC_MSGSEND = YES;
				ENABLE_TESTABILITY = YES;
				GCC_C_LANGUAGE_STANDARD = gnu11;
				GCC_DYNAMIC_NO_PIC = NO;
				GCC_NO_COMMON_BLOCKS = YES;
				GCC_OPTIMIZATION_LEVEL = 0;
				GCC_PREPROCESSOR_DEFINITIONS = (
					"DEBUG=1",
					"$(inherited)",
				);
				GCC_WARN_64_TO_32_BIT_CONVERSION = YES;
				GCC_WARN_ABOUT_RETURN_TYPE = YES_ERROR;
				GCC_WARN_UNDECLARED_SELECTOR = YES;
				GCC_WARN_UNINITIALIZED_AUTOS = YES_AGGRESSIVE;
				GCC_WARN_UNUSED_FUNCTION = YES;
				GCC_WARN_UNUSED_VARIABLE = YES;
				IPHONEOS_DEPLOYMENT_TARGET = 14.5;
				MTL_ENABLE_DEBUG_INFO = INCLUDE_SOURCE;
				MTL_FAST_MATH = YES;
				ONLY_ACTIVE_ARCH = YES;
				SDKROOT = iphoneos;
				SWIFT_ACTIVE_COMPILATION_CONDITIONS = DEBUG;
				SWIFT_OPTIMIZATION_LEVEL = "-Onone";
			};
			name = Debug;
		};
		014AC265269A07A600705994 /* Release */ = {
			isa = XCBuildConfiguration;
			buildSettings = {
				ALWAYS_SEARCH_USER_PATHS = NO;
				CLANG_ANALYZER_NONNULL = YES;
				CLANG_ANALYZER_NUMBER_OBJECT_CONVERSION = YES_AGGRESSIVE;
				CLANG_CXX_LANGUAGE_STANDARD = "gnu++14";
				CLANG_CXX_LIBRARY = "libc++";
				CLANG_ENABLE_MODULES = YES;
				CLANG_ENABLE_OBJC_ARC = YES;
				CLANG_ENABLE_OBJC_WEAK = YES;
				CLANG_WARN_BLOCK_CAPTURE_AUTORELEASING = YES;
				CLANG_WARN_BOOL_CONVERSION = YES;
				CLANG_WARN_COMMA = YES;
				CLANG_WARN_CONSTANT_CONVERSION = YES;
				CLANG_WARN_DEPRECATED_OBJC_IMPLEMENTATIONS = YES;
				CLANG_WARN_DIRECT_OBJC_ISA_USAGE = YES_ERROR;
				CLANG_WARN_DOCUMENTATION_COMMENTS = YES;
				CLANG_WARN_EMPTY_BODY = YES;
				CLANG_WARN_ENUM_CONVERSION = YES;
				CLANG_WARN_INFINITE_RECURSION = YES;
				CLANG_WARN_INT_CONVERSION = YES;
				CLANG_WARN_NON_LITERAL_NULL_CONVERSION = YES;
				CLANG_WARN_OBJC_IMPLICIT_RETAIN_SELF = YES;
				CLANG_WARN_OBJC_LITERAL_CONVERSION = YES;
				CLANG_WARN_OBJC_ROOT_CLASS = YES_ERROR;
				CLANG_WARN_QUOTED_INCLUDE_IN_FRAMEWORK_HEADER = YES;
				CLANG_WARN_RANGE_LOOP_ANALYSIS = YES;
				CLANG_WARN_STRICT_PROTOTYPES = YES;
				CLANG_WARN_SUSPICIOUS_MOVE = YES;
				CLANG_WARN_UNGUARDED_AVAILABILITY = YES_AGGRESSIVE;
				CLANG_WARN_UNREACHABLE_CODE = YES;
				CLANG_WARN__DUPLICATE_METHOD_MATCH = YES;
				COPY_PHASE_STRIP = NO;
				DEBUG_INFORMATION_FORMAT = "dwarf-with-dsym";
				ENABLE_NS_ASSERTIONS = NO;
				ENABLE_STRICT_OBJC_MSGSEND = YES;
				GCC_C_LANGUAGE_STANDARD = gnu11;
				GCC_NO_COMMON_BLOCKS = YES;
				GCC_WARN_64_TO_32_BIT_CONVERSION = YES;
				GCC_WARN_ABOUT_RETURN_TYPE = YES_ERROR;
				GCC_WARN_UNDECLARED_SELECTOR = YES;
				GCC_WARN_UNINITIALIZED_AUTOS = YES_AGGRESSIVE;
				GCC_WARN_UNUSED_FUNCTION = YES;
				GCC_WARN_UNUSED_VARIABLE = YES;
				IPHONEOS_DEPLOYMENT_TARGET = 14.5;
				MTL_ENABLE_DEBUG_INFO = NO;
				MTL_FAST_MATH = YES;
				SDKROOT = iphoneos;
				SWIFT_COMPILATION_MODE = wholemodule;
				SWIFT_OPTIMIZATION_LEVEL = "-O";
				VALIDATE_PRODUCT = YES;
			};
			name = Release;
		};
		014AC267269A07A600705994 /* Debug */ = {
			isa = XCBuildConfiguration;
			buildSettings = {
				ASSETCATALOG_COMPILER_APPICON_NAME = AppIcon;
				ASSETCATALOG_COMPILER_GLOBAL_ACCENT_COLOR_NAME = AccentColor;
				CODE_SIGN_STYLE = Automatic;
				DEVELOPMENT_ASSET_PATHS = "\"smkdex/Preview Content\"";
				DEVELOPMENT_TEAM = CVSRYHR3VR;
				ENABLE_PREVIEWS = YES;
				INFOPLIST_FILE = smkdex/Info.plist;
				LD_RUNPATH_SEARCH_PATHS = (
					"$(inherited)",
					"@executable_path/Frameworks",
				);
				MARKETING_VERSION = 1.1;
				PRODUCT_BUNDLE_IDENTIFIER = com.nooglersoon.smkdex;
				PRODUCT_NAME = "$(TARGET_NAME)";
				SUPPORTS_MACCATALYST = NO;
				SWIFT_VERSION = 5.0;
				TARGETED_DEVICE_FAMILY = 1;
			};
			name = Debug;
		};
		014AC268269A07A600705994 /* Release */ = {
			isa = XCBuildConfiguration;
			buildSettings = {
				ASSETCATALOG_COMPILER_APPICON_NAME = AppIcon;
				ASSETCATALOG_COMPILER_GLOBAL_ACCENT_COLOR_NAME = AccentColor;
				CODE_SIGN_ENTITLEMENTS = "";
				CODE_SIGN_STYLE = Automatic;
				DEVELOPMENT_ASSET_PATHS = "\"smkdex/Preview Content\"";
				DEVELOPMENT_TEAM = CVSRYHR3VR;
				ENABLE_PREVIEWS = YES;
				INFOPLIST_FILE = smkdex/Info.plist;
				LD_RUNPATH_SEARCH_PATHS = (
					"$(inherited)",
					"@executable_path/Frameworks",
				);
				MARKETING_VERSION = 1.1;
				PRODUCT_BUNDLE_IDENTIFIER = com.nooglersoon.smkdex;
				PRODUCT_NAME = "$(TARGET_NAME)";
				SUPPORTS_MACCATALYST = NO;
				SWIFT_VERSION = 5.0;
				TARGETED_DEVICE_FAMILY = 1;
			};
			name = Release;
		};
		014AC26A269A07A600705994 /* Debug */ = {
			isa = XCBuildConfiguration;
			buildSettings = {
				ALWAYS_EMBED_SWIFT_STANDARD_LIBRARIES = YES;
				BUNDLE_LOADER = "$(TEST_HOST)";
				CODE_SIGN_STYLE = Automatic;
				DEVELOPMENT_TEAM = CVSRYHR3VR;
				INFOPLIST_FILE = smkdexTests/Info.plist;
				IPHONEOS_DEPLOYMENT_TARGET = 14.5;
				LD_RUNPATH_SEARCH_PATHS = (
					"$(inherited)",
					"@executable_path/Frameworks",
					"@loader_path/Frameworks",
				);
				PRODUCT_BUNDLE_IDENTIFIER = com.nooglersoon.smkdexTests;
				PRODUCT_NAME = "$(TARGET_NAME)";
				SWIFT_VERSION = 5.0;
				TARGETED_DEVICE_FAMILY = "1,2";
				TEST_HOST = "$(BUILT_PRODUCTS_DIR)/smkdex.app/smkdex";
			};
			name = Debug;
		};
		014AC26B269A07A600705994 /* Release */ = {
			isa = XCBuildConfiguration;
			buildSettings = {
				ALWAYS_EMBED_SWIFT_STANDARD_LIBRARIES = YES;
				BUNDLE_LOADER = "$(TEST_HOST)";
				CODE_SIGN_STYLE = Automatic;
				DEVELOPMENT_TEAM = CVSRYHR3VR;
				INFOPLIST_FILE = smkdexTests/Info.plist;
				IPHONEOS_DEPLOYMENT_TARGET = 14.5;
				LD_RUNPATH_SEARCH_PATHS = (
					"$(inherited)",
					"@executable_path/Frameworks",
					"@loader_path/Frameworks",
				);
				PRODUCT_BUNDLE_IDENTIFIER = com.nooglersoon.smkdexTests;
				PRODUCT_NAME = "$(TARGET_NAME)";
				SWIFT_VERSION = 5.0;
				TARGETED_DEVICE_FAMILY = "1,2";
				TEST_HOST = "$(BUILT_PRODUCTS_DIR)/smkdex.app/smkdex";
			};
			name = Release;
		};
		014AC26D269A07A600705994 /* Debug */ = {
			isa = XCBuildConfiguration;
			buildSettings = {
				ALWAYS_EMBED_SWIFT_STANDARD_LIBRARIES = YES;
				CODE_SIGN_STYLE = Automatic;
				DEVELOPMENT_TEAM = CVSRYHR3VR;
				INFOPLIST_FILE = smkdexUITests/Info.plist;
				LD_RUNPATH_SEARCH_PATHS = (
					"$(inherited)",
					"@executable_path/Frameworks",
					"@loader_path/Frameworks",
				);
				PRODUCT_BUNDLE_IDENTIFIER = com.nooglersoon.smkdexUITests;
				PRODUCT_NAME = "$(TARGET_NAME)";
				SWIFT_VERSION = 5.0;
				TARGETED_DEVICE_FAMILY = "1,2";
				TEST_TARGET_NAME = smkdex;
			};
			name = Debug;
		};
		014AC26E269A07A600705994 /* Release */ = {
			isa = XCBuildConfiguration;
			buildSettings = {
				ALWAYS_EMBED_SWIFT_STANDARD_LIBRARIES = YES;
				CODE_SIGN_STYLE = Automatic;
				DEVELOPMENT_TEAM = CVSRYHR3VR;
				INFOPLIST_FILE = smkdexUITests/Info.plist;
				LD_RUNPATH_SEARCH_PATHS = (
					"$(inherited)",
					"@executable_path/Frameworks",
					"@loader_path/Frameworks",
				);
				PRODUCT_BUNDLE_IDENTIFIER = com.nooglersoon.smkdexUITests;
				PRODUCT_NAME = "$(TARGET_NAME)";
				SWIFT_VERSION = 5.0;
				TARGETED_DEVICE_FAMILY = "1,2";
				TEST_TARGET_NAME = smkdex;
			};
			name = Release;
		};
/* End XCBuildConfiguration section */

/* Begin XCConfigurationList section */
		014AC23A269A07A400705994 /* Build configuration list for PBXProject "smkdex" */ = {
			isa = XCConfigurationList;
			buildConfigurations = (
				014AC264269A07A600705994 /* Debug */,
				014AC265269A07A600705994 /* Release */,
			);
			defaultConfigurationIsVisible = 0;
			defaultConfigurationName = Release;
		};
		014AC266269A07A600705994 /* Build configuration list for PBXNativeTarget "smkdex" */ = {
			isa = XCConfigurationList;
			buildConfigurations = (
				014AC267269A07A600705994 /* Debug */,
				014AC268269A07A600705994 /* Release */,
			);
			defaultConfigurationIsVisible = 0;
			defaultConfigurationName = Release;
		};
		014AC269269A07A600705994 /* Build configuration list for PBXNativeTarget "smkdexTests" */ = {
			isa = XCConfigurationList;
			buildConfigurations = (
				014AC26A269A07A600705994 /* Debug */,
				014AC26B269A07A600705994 /* Release */,
			);
			defaultConfigurationIsVisible = 0;
			defaultConfigurationName = Release;
		};
		014AC26C269A07A600705994 /* Build configuration list for PBXNativeTarget "smkdexUITests" */ = {
			isa = XCConfigurationList;
			buildConfigurations = (
				014AC26D269A07A600705994 /* Debug */,
				014AC26E269A07A600705994 /* Release */,
			);
			defaultConfigurationIsVisible = 0;
			defaultConfigurationName = Release;
		};
/* End XCConfigurationList section */
	};
	rootObject = 014AC237269A07A400705994 /* Project object */;
}
